
Microsoft Visual Studio Solution File, Format Version 12.00
# Visual Studio 15
VisualStudioVersion = 15.0.28010.2036
MinimumVisualStudioVersion = 10.0.40219.1
Project("{FAE04EC0-301F-11D3-BF4B-00C04F79EFBC}") = "Assesment", "Assesment\Assesment.csproj", "{1842B4CD-BBD5-4C79-9820-7AAA6586BD50}"
EndProject
Project("{FAE04EC0-301F-11D3-BF4B-00C04F79EFBC}") = "Assesment1", "Assesment1\Assesment1.csproj", "{F8F12C2C-8262-4537-B4A4-DABEFF2F058A}"
EndProject
Global
	GlobalSection(SolutionConfigurationPlatforms) = preSolution
		Debug|Any CPU = Debug|Any CPU
		Release|Any CPU = Release|Any CPU
	EndGlobalSection
	GlobalSection(ProjectConfigurationPlatforms) = postSolution
		{1842B4CD-BBD5-4C79-9820-7AAA6586BD50}.Debug|Any CPU.ActiveCfg = Debug|Any CPU
		{1842B4CD-BBD5-4C79-9820-7AAA6586BD50}.Debug|Any CPU.Build.0 = Debug|Any CPU
		{1842B4CD-BBD5-4C79-9820-7AAA6586BD50}.Release|Any CPU.ActiveCfg = Release|Any CPU
		{1842B4CD-BBD5-4C79-9820-7AAA6586BD50}.Release|Any CPU.Build.0 = Release|Any CPU
		{F8F12C2C-8262-4537-B4A4-DABEFF2F058A}.Debug|Any CPU.ActiveCfg = Debug|Any CPU
		{F8F12C2C-8262-4537-B4A4-DABEFF2F058A}.Debug|Any CPU.Build.0 = Debug|Any CPU
		{F8F12C2C-8262-4537-B4A4-DABEFF2F058A}.Release|Any CPU.ActiveCfg = Release|Any CPU
		{F8F12C2C-8262-4537-B4A4-DABEFF2F058A}.Release|Any CPU.Build.0 = Release|Any CPU
	EndGlobalSection
	GlobalSection(SolutionProperties) = preSolution
		HideSolutionNode = FALSE
	EndGlobalSection
	GlobalSection(ExtensibilityGlobals) = postSolution
		SolutionGuid = {496D90AC-70EE-4D56-86CE-F34AD84900B7}
	EndGlobalSection
EndGlobal
